dependencies:
  gecl-logger-manager:
    component_hash: null
    source:
      path: /Users/tennis/src/C2DS-esp32-coop-controller/components/gecl-logger-manager
      type: local
    version: 1.0.0
  gecl-ota-manager:
    component_hash: null
    source:
      path: /Users/tennis/src/C2DS-esp32-coop-controller/components/gecl-ota-manager
      type: local
    version: 1.0.0
  gecl-time-sync-manager:
    component_hash: null
    source:
      path: /Users/tennis/src/C2DS-esp32-coop-controller/components/gecl-time-sync-manager
      type: local
    version: 0.0.1
  idf:
    component_hash: null
    source:
      type: idf
    version: 5.2.0
manifest_hash: fe04ad108038ea5ab2f1e6f8a0da974f2f2a5b7a59a6d16ece27dedaa2f72dd2
target: esp32
version: 1.0.0
