dependencies:
  gecl-logger-manager:
    component_hash: null
    source:
      path: /Users/tennis/src/C2DS-esp32-coop-controller/components/gecl-logger-manager
      type: local
    version: 1.0.0
  gecl-ota-manager:
    component_hash: null
    source:
      path: /Users/tennis/src/C2DS-esp32-coop-controller/components/gecl-ota-manager
      type: local
    version: 1.0.0
  gecl-time-sync-manager:
    component_hash: null
    source:
      path: /Users/tennis/src/C2DS-esp32-coop-controller/components/gecl-time-sync-manager
      type: local
    version: 0.0.1
  idf:
    component_hash: null
    source:
      type: idf
    version: 5.2.0
manifest_hash: ae59103112f41e88d7d6a0f3616368dc533bb9760f22342df47ec5af940192dc
target: esp32
version: 1.0.0
