dependencies:
  gecl-logger-manager:
    component_hash: null
    source:
      path: /Users/tennis/src/C2DS-esp32-coop-controller/components/gecl-logger-manager
      type: local
    version: 1.0.0
  gecl-ota-manager:
    component_hash: null
    source:
      path: /Users/tennis/src/C2DS-esp32-coop-controller/components/gecl-ota-manager
      type: local
    version: 1.0.0
  gecl-time-sync-manager:
    component_hash: null
    source:
      path: /Users/tennis/src/C2DS-esp32-coop-controller/components/gecl-time-sync-manager
      type: local
    version: 0.0.1
  idf:
    component_hash: null
    source:
      type: idf
    version: 5.2.0
manifest_hash: 21c73f46cef4d0dbf2b7970cc1267ba9ba5ba3c2b0e1e3e9a4120e89c1a49b30
target: esp32
version: 1.0.0
